Microsoft Visual Studio Solution File, Format Version 10.00
# Visual Studio 2008
Project("{8BC9CEB8-8B4A-11D0-8D11-00A0C91BC942}") = "ALL_BUILD", "ALL_BUILD.vcproj", "{DA390A92-83ED-4F4D-A9D3-ECADA5D799F8}"
	ProjectSection(ProjectDependencies) = postProject
		{122F5E89-D258-49F2-928F-039D5A4D7382} = {122F5E89-D258-49F2-928F-039D5A4D7382}
		{7BB92763-25F8-434C-9362-8BCD4C0F8D44} = {7BB92763-25F8-434C-9362-8BCD4C0F8D44}
		{84BBA5B2-A846-4C54-AFC7-C35F8E9E020E} = {84BBA5B2-A846-4C54-AFC7-C35F8E9E020E}
		{9F0E1150-83D8-4702-AD18-5B312A5FB947} = {9F0E1150-83D8-4702-AD18-5B312A5FB947}
		{EA674D8B-6D86-4E5D-89B6-0D37F75FD68C} = {EA674D8B-6D86-4E5D-89B6-0D37F75FD68C}
		{5A60FC06-66CB-4D42-893F-3C68587FE04D} = {5A60FC06-66CB-4D42-893F-3C68587FE04D}
		{ADE08CCB-9078-4C0D-9A3E-5875A38B522C} = {ADE08CCB-9078-4C0D-9A3E-5875A38B522C}
		{243DEDE3-301C-4602-AE7A-96310D18DCAD} = {243DEDE3-301C-4602-AE7A-96310D18DCAD}
		{C653640B-D130-4512-AEFC-79C09ACB2E20} = {C653640B-D130-4512-AEFC-79C09ACB2E20}
		{24B2FCE8-E513-49B3-AE71-2A38102F2BC1} = {24B2FCE8-E513-49B3-AE71-2A38102F2BC1}
		{427872EE-FEC7-4473-8D82-FBBDA4F321C3} = {427872EE-FEC7-4473-8D82-FBBDA4F321C3}
		{3D4278C0-11B4-4A5E-BD78-018E359BE4E1} = {3D4278C0-11B4-4A5E-BD78-018E359BE4E1}
		{052A8713-6018-42A6-9DAB-857CDAEF2B53} = {052A8713-6018-42A6-9DAB-857CDAEF2B53}
		{417205CA-A821-4F3E-A951-2154B69A39C5} = {417205CA-A821-4F3E-A951-2154B69A39C5}
		{46A7C99B-F440-43E5-B5F6-61540AD5ABF5} = {46A7C99B-F440-43E5-B5F6-61540AD5ABF5}
	EndProjectSection
EndProject
Project("{8BC9CEB8-8B4A-11D0-8D11-00A0C91BC942}") = "INSTALL", "INSTALL.vcproj", "{D9EDEA7C-6FF4-440C-BF0F-41899A53B9D8}"
	ProjectSection(ProjectDependencies) = postProject
		{DA390A92-83ED-4F4D-A9D3-ECADA5D799F8} = {DA390A92-83ED-4F4D-A9D3-ECADA5D799F8}
	EndProjectSection
EndProject
Project("{8BC9CEB8-8B4A-11D0-8D11-00A0C91BC942}") = "RUN_TESTS", "RUN_TESTS.vcproj", "{63595D30-C837-430C-B467-5B71AED57AB3}"
	ProjectSection(ProjectDependencies) = postProject
	EndProjectSection
EndProject
Project("{8BC9CEB8-8B4A-11D0-8D11-00A0C91BC942}") = "ZERO_CHECK", "ZERO_CHECK.vcproj", "{122F5E89-D258-49F2-928F-039D5A4D7382}"
	ProjectSection(ProjectDependencies) = postProject
	EndProjectSection
EndProject
Project("{8BC9CEB8-8B4A-11D0-8D11-00A0C91BC942}") = "check", "check.vcproj", "{2C075BBC-8BFA-4F74-B069-271F9D15AA2F}"
	ProjectSection(ProjectDependencies) = postProject
		{122F5E89-D258-49F2-928F-039D5A4D7382} = {122F5E89-D258-49F2-928F-039D5A4D7382}
		{84BBA5B2-A846-4C54-AFC7-C35F8E9E020E} = {84BBA5B2-A846-4C54-AFC7-C35F8E9E020E}
		{9F0E1150-83D8-4702-AD18-5B312A5FB947} = {9F0E1150-83D8-4702-AD18-5B312A5FB947}
		{EA674D8B-6D86-4E5D-89B6-0D37F75FD68C} = {EA674D8B-6D86-4E5D-89B6-0D37F75FD68C}
		{5A60FC06-66CB-4D42-893F-3C68587FE04D} = {5A60FC06-66CB-4D42-893F-3C68587FE04D}
		{ADE08CCB-9078-4C0D-9A3E-5875A38B522C} = {ADE08CCB-9078-4C0D-9A3E-5875A38B522C}
		{243DEDE3-301C-4602-AE7A-96310D18DCAD} = {243DEDE3-301C-4602-AE7A-96310D18DCAD}
		{C653640B-D130-4512-AEFC-79C09ACB2E20} = {C653640B-D130-4512-AEFC-79C09ACB2E20}
		{24B2FCE8-E513-49B3-AE71-2A38102F2BC1} = {24B2FCE8-E513-49B3-AE71-2A38102F2BC1}
		{427872EE-FEC7-4473-8D82-FBBDA4F321C3} = {427872EE-FEC7-4473-8D82-FBBDA4F321C3}
		{3D4278C0-11B4-4A5E-BD78-018E359BE4E1} = {3D4278C0-11B4-4A5E-BD78-018E359BE4E1}
		{052A8713-6018-42A6-9DAB-857CDAEF2B53} = {052A8713-6018-42A6-9DAB-857CDAEF2B53}
		{417205CA-A821-4F3E-A951-2154B69A39C5} = {417205CA-A821-4F3E-A951-2154B69A39C5}
		{46A7C99B-F440-43E5-B5F6-61540AD5ABF5} = {46A7C99B-F440-43E5-B5F6-61540AD5ABF5}
	EndProjectSection
EndProject
Project("{8BC9CEB8-8B4A-11D0-8D11-00A0C91BC942}") = "jansson", "jansson.vcproj", "{7BB92763-25F8-434C-9362-8BCD4C0F8D44}"
	ProjectSection(ProjectDependencies) = postProject
		{122F5E89-D258-49F2-928F-039D5A4D7382} = {122F5E89-D258-49F2-928F-039D5A4D7382}
	EndProjectSection
EndProject
Project("{8BC9CEB8-8B4A-11D0-8D11-00A0C91BC942}") = "json_process", "json_process.vcproj", "{84BBA5B2-A846-4C54-AFC7-C35F8E9E020E}"
	ProjectSection(ProjectDependencies) = postProject
		{122F5E89-D258-49F2-928F-039D5A4D7382} = {122F5E89-D258-49F2-928F-039D5A4D7382}
		{7BB92763-25F8-434C-9362-8BCD4C0F8D44} = {7BB92763-25F8-434C-9362-8BCD4C0F8D44}
	EndProjectSection
EndProject
Project("{8BC9CEB8-8B4A-11D0-8D11-00A0C91BC942}") = "test_array", "test_array.vcproj", "{9F0E1150-83D8-4702-AD18-5B312A5FB947}"
	ProjectSection(ProjectDependencies) = postProject
		{122F5E89-D258-49F2-928F-039D5A4D7382} = {122F5E89-D258-49F2-928F-039D5A4D7382}
		{7BB92763-25F8-434C-9362-8BCD4C0F8D44} = {7BB92763-25F8-434C-9362-8BCD4C0F8D44}
	EndProjectSection
EndProject
Project("{8BC9CEB8-8B4A-11D0-8D11-00A0C91BC942}") = "test_copy", "test_copy.vcproj", "{EA674D8B-6D86-4E5D-89B6-0D37F75FD68C}"
	ProjectSection(ProjectDependencies) = postProject
		{122F5E89-D258-49F2-928F-039D5A4D7382} = {122F5E89-D258-49F2-928F-039D5A4D7382}
		{7BB92763-25F8-434C-9362-8BCD4C0F8D44} = {7BB92763-25F8-434C-9362-8BCD4C0F8D44}
	EndProjectSection
EndProject
Project("{8BC9CEB8-8B4A-11D0-8D11-00A0C91BC942}") = "test_dump", "test_dump.vcproj", "{5A60FC06-66CB-4D42-893F-3C68587FE04D}"
	ProjectSection(ProjectDependencies) = postProject
		{122F5E89-D258-49F2-928F-039D5A4D7382} = {122F5E89-D258-49F2-928F-039D5A4D7382}
		{7BB92763-25F8-434C-9362-8BCD4C0F8D44} = {7BB92763-25F8-434C-9362-8BCD4C0F8D44}
	EndProjectSection
EndProject
Project("{8BC9CEB8-8B4A-11D0-8D11-00A0C91BC942}") = "test_dump_callback", "test_dump_callback.vcproj", "{ADE08CCB-9078-4C0D-9A3E-5875A38B522C}"
	ProjectSection(ProjectDependencies) = postProject
		{122F5E89-D258-49F2-928F-039D5A4D7382} = {122F5E89-D258-49F2-928F-039D5A4D7382}
		{7BB92763-25F8-434C-9362-8BCD4C0F8D44} = {7BB92763-25F8-434C-9362-8BCD4C0F8D44}
	EndProjectSection
EndProject
Project("{8BC9CEB8-8B4A-11D0-8D11-00A0C91BC942}") = "test_equal", "test_equal.vcproj", "{243DEDE3-301C-4602-AE7A-96310D18DCAD}"
	ProjectSection(ProjectDependencies) = postProject
		{122F5E89-D258-49F2-928F-039D5A4D7382} = {122F5E89-D258-49F2-928F-039D5A4D7382}
		{7BB92763-25F8-434C-9362-8BCD4C0F8D44} = {7BB92763-25F8-434C-9362-8BCD4C0F8D44}
	EndProjectSection
EndProject
Project("{8BC9CEB8-8B4A-11D0-8D11-00A0C91BC942}") = "test_load", "test_load.vcproj", "{C653640B-D130-4512-AEFC-79C09ACB2E20}"
	ProjectSection(ProjectDependencies) = postProject
		{122F5E89-D258-49F2-928F-039D5A4D7382} = {122F5E89-D258-49F2-928F-039D5A4D7382}
		{7BB92763-25F8-434C-9362-8BCD4C0F8D44} = {7BB92763-25F8-434C-9362-8BCD4C0F8D44}
	EndProjectSection
EndProject
Project("{8BC9CEB8-8B4A-11D0-8D11-00A0C91BC942}") = "test_loadb", "test_loadb.vcproj", "{24B2FCE8-E513-49B3-AE71-2A38102F2BC1}"
	ProjectSection(ProjectDependencies) = postProject
		{122F5E89-D258-49F2-928F-039D5A4D7382} = {122F5E89-D258-49F2-928F-039D5A4D7382}
		{7BB92763-25F8-434C-9362-8BCD4C0F8D44} = {7BB92763-25F8-434C-9362-8BCD4C0F8D44}
	EndProjectSection
EndProject
Project("{8BC9CEB8-8B4A-11D0-8D11-00A0C91BC942}") = "test_number", "test_number.vcproj", "{427872EE-FEC7-4473-8D82-FBBDA4F321C3}"
	ProjectSection(ProjectDependencies) = postProject
		{122F5E89-D258-49F2-928F-039D5A4D7382} = {122F5E89-D258-49F2-928F-039D5A4D7382}
		{7BB92763-25F8-434C-9362-8BCD4C0F8D44} = {7BB92763-25F8-434C-9362-8BCD4C0F8D44}
	EndProjectSection
EndProject
Project("{8BC9CEB8-8B4A-11D0-8D11-00A0C91BC942}") = "test_object", "test_object.vcproj", "{3D4278C0-11B4-4A5E-BD78-018E359BE4E1}"
	ProjectSection(ProjectDependencies) = postProject
		{122F5E89-D258-49F2-928F-039D5A4D7382} = {122F5E89-D258-49F2-928F-039D5A4D7382}
		{7BB92763-25F8-434C-9362-8BCD4C0F8D44} = {7BB92763-25F8-434C-9362-8BCD4C0F8D44}
	EndProjectSection
EndProject
Project("{8BC9CEB8-8B4A-11D0-8D11-00A0C91BC942}") = "test_pack", "test_pack.vcproj", "{052A8713-6018-42A6-9DAB-857CDAEF2B53}"
	ProjectSection(ProjectDependencies) = postProject
		{122F5E89-D258-49F2-928F-039D5A4D7382} = {122F5E89-D258-49F2-928F-039D5A4D7382}
		{7BB92763-25F8-434C-9362-8BCD4C0F8D44} = {7BB92763-25F8-434C-9362-8BCD4C0F8D44}
	EndProjectSection
EndProject
Project("{8BC9CEB8-8B4A-11D0-8D11-00A0C91BC942}") = "test_simple", "test_simple.vcproj", "{417205CA-A821-4F3E-A951-2154B69A39C5}"
	ProjectSection(ProjectDependencies) = postProject
		{122F5E89-D258-49F2-928F-039D5A4D7382} = {122F5E89-D258-49F2-928F-039D5A4D7382}
		{7BB92763-25F8-434C-9362-8BCD4C0F8D44} = {7BB92763-25F8-434C-9362-8BCD4C0F8D44}
	EndProjectSection
EndProject
Project("{8BC9CEB8-8B4A-11D0-8D11-00A0C91BC942}") = "test_unpack", "test_unpack.vcproj", "{46A7C99B-F440-43E5-B5F6-61540AD5ABF5}"
	ProjectSection(ProjectDependencies) = postProject
		{122F5E89-D258-49F2-928F-039D5A4D7382} = {122F5E89-D258-49F2-928F-039D5A4D7382}
		{7BB92763-25F8-434C-9362-8BCD4C0F8D44} = {7BB92763-25F8-434C-9362-8BCD4C0F8D44}
	EndProjectSection
EndProject
Global
	GlobalSection(SolutionConfigurationPlatforms) = preSolution
		Debug|Win32 = Debug|Win32
		Release|Win32 = Release|Win32
		MinSizeRel|Win32 = MinSizeRel|Win32
		RelWithDebInfo|Win32 = RelWithDebInfo|Win32
	EndGlobalSection
	GlobalSection(ProjectConfigurationPlatforms) = postSolution
		{DA390A92-83ED-4F4D-A9D3-ECADA5D799F8}.Debug|Win32.ActiveCfg = Debug|Win32
		{DA390A92-83ED-4F4D-A9D3-ECADA5D799F8}.Debug|Win32.Build.0 = Debug|Win32
		{DA390A92-83ED-4F4D-A9D3-ECADA5D799F8}.Release|Win32.ActiveCfg = Release|Win32
		{DA390A92-83ED-4F4D-A9D3-ECADA5D799F8}.Release|Win32.Build.0 = Release|Win32
		{DA390A92-83ED-4F4D-A9D3-ECADA5D799F8}.MinSizeRel|Win32.ActiveCfg = MinSizeRel|Win32
		{DA390A92-83ED-4F4D-A9D3-ECADA5D799F8}.MinSizeRel|Win32.Build.0 = MinSizeRel|Win32
		{DA390A92-83ED-4F4D-A9D3-ECADA5D799F8}.RelWithDebInfo|Win32.ActiveCfg = RelWithDebInfo|Win32
		{DA390A92-83ED-4F4D-A9D3-ECADA5D799F8}.RelWithDebInfo|Win32.Build.0 = RelWithDebInfo|Win32
		{D9EDEA7C-6FF4-440C-BF0F-41899A53B9D8}.Debug|Win32.ActiveCfg = Debug|Win32
		{D9EDEA7C-6FF4-440C-BF0F-41899A53B9D8}.Release|Win32.ActiveCfg = Release|Win32
		{D9EDEA7C-6FF4-440C-BF0F-41899A53B9D8}.MinSizeRel|Win32.ActiveCfg = MinSizeRel|Win32
		{D9EDEA7C-6FF4-440C-BF0F-41899A53B9D8}.RelWithDebInfo|Win32.ActiveCfg = RelWithDebInfo|Win32
		{63595D30-C837-430C-B467-5B71AED57AB3}.Debug|Win32.ActiveCfg = Debug|Win32
		{63595D30-C837-430C-B467-5B71AED57AB3}.Release|Win32.ActiveCfg = Release|Win32
		{63595D30-C837-430C-B467-5B71AED57AB3}.MinSizeRel|Win32.ActiveCfg = MinSizeRel|Win32
		{63595D30-C837-430C-B467-5B71AED57AB3}.RelWithDebInfo|Win32.ActiveCfg = RelWithDebInfo|Win32
		{122F5E89-D258-49F2-928F-039D5A4D7382}.Debug|Win32.ActiveCfg = Debug|Win32
		{122F5E89-D258-49F2-928F-039D5A4D7382}.Debug|Win32.Build.0 = Debug|Win32
		{122F5E89-D258-49F2-928F-039D5A4D7382}.Release|Win32.ActiveCfg = Release|Win32
		{122F5E89-D258-49F2-928F-039D5A4D7382}.Release|Win32.Build.0 = Release|Win32
		{122F5E89-D258-49F2-928F-039D5A4D7382}.MinSizeRel|Win32.ActiveCfg = MinSizeRel|Win32
		{122F5E89-D258-49F2-928F-039D5A4D7382}.MinSizeRel|Win32.Build.0 = MinSizeRel|Win32
		{122F5E89-D258-49F2-928F-039D5A4D7382}.RelWithDebInfo|Win32.ActiveCfg = RelWithDebInfo|Win32
		{122F5E89-D258-49F2-928F-039D5A4D7382}.RelWithDebInfo|Win32.Build.0 = RelWithDebInfo|Win32
		{2C075BBC-8BFA-4F74-B069-271F9D15AA2F}.Debug|Win32.ActiveCfg = Debug|Win32
		{2C075BBC-8BFA-4F74-B069-271F9D15AA2F}.Release|Win32.ActiveCfg = Release|Win32
		{2C075BBC-8BFA-4F74-B069-271F9D15AA2F}.MinSizeRel|Win32.ActiveCfg = MinSizeRel|Win32
		{2C075BBC-8BFA-4F74-B069-271F9D15AA2F}.RelWithDebInfo|Win32.ActiveCfg = RelWithDebInfo|Win32
		{7BB92763-25F8-434C-9362-8BCD4C0F8D44}.Debug|Win32.ActiveCfg = Debug|Win32
		{7BB92763-25F8-434C-9362-8BCD4C0F8D44}.Debug|Win32.Build.0 = Debug|Win32
		{7BB92763-25F8-434C-9362-8BCD4C0F8D44}.Release|Win32.ActiveCfg = Release|Win32
		{7BB92763-25F8-434C-9362-8BCD4C0F8D44}.Release|Win32.Build.0 = Release|Win32
		{7BB92763-25F8-434C-9362-8BCD4C0F8D44}.MinSizeRel|Win32.ActiveCfg = MinSizeRel|Win32
		{7BB92763-25F8-434C-9362-8BCD4C0F8D44}.MinSizeRel|Win32.Build.0 = MinSizeRel|Win32
		{7BB92763-25F8-434C-9362-8BCD4C0F8D44}.RelWithDebInfo|Win32.ActiveCfg = RelWithDebInfo|Win32
		{7BB92763-25F8-434C-9362-8BCD4C0F8D44}.RelWithDebInfo|Win32.Build.0 = RelWithDebInfo|Win32
		{84BBA5B2-A846-4C54-AFC7-C35F8E9E020E}.Debug|Win32.ActiveCfg = Debug|Win32
		{84BBA5B2-A846-4C54-AFC7-C35F8E9E020E}.Debug|Win32.Build.0 = Debug|Win32
		{84BBA5B2-A846-4C54-AFC7-C35F8E9E020E}.Release|Win32.ActiveCfg = Release|Win32
		{84BBA5B2-A846-4C54-AFC7-C35F8E9E020E}.Release|Win32.Build.0 = Release|Win32
		{84BBA5B2-A846-4C54-AFC7-C35F8E9E020E}.MinSizeRel|Win32.ActiveCfg = MinSizeRel|Win32
		{84BBA5B2-A846-4C54-AFC7-C35F8E9E020E}.MinSizeRel|Win32.Build.0 = MinSizeRel|Win32
		{84BBA5B2-A846-4C54-AFC7-C35F8E9E020E}.RelWithDebInfo|Win32.ActiveCfg = RelWithDebInfo|Win32
		{84BBA5B2-A846-4C54-AFC7-C35F8E9E020E}.RelWithDebInfo|Win32.Build.0 = RelWithDebInfo|Win32
		{9F0E1150-83D8-4702-AD18-5B312A5FB947}.Debug|Win32.ActiveCfg = Debug|Win32
		{9F0E1150-83D8-4702-AD18-5B312A5FB947}.Debug|Win32.Build.0 = Debug|Win32
		{9F0E1150-83D8-4702-AD18-5B312A5FB947}.Release|Win32.ActiveCfg = Release|Win32
		{9F0E1150-83D8-4702-AD18-5B312A5FB947}.Release|Win32.Build.0 = Release|Win32
		{9F0E1150-83D8-4702-AD18-5B312A5FB947}.MinSizeRel|Win32.ActiveCfg = MinSizeRel|Win32
		{9F0E1150-83D8-4702-AD18-5B312A5FB947}.MinSizeRel|Win32.Build.0 = MinSizeRel|Win32
		{9F0E1150-83D8-4702-AD18-5B312A5FB947}.RelWithDebInfo|Win32.ActiveCfg = RelWithDebInfo|Win32
		{9F0E1150-83D8-4702-AD18-5B312A5FB947}.RelWithDebInfo|Win32.Build.0 = RelWithDebInfo|Win32
		{EA674D8B-6D86-4E5D-89B6-0D37F75FD68C}.Debug|Win32.ActiveCfg = Debug|Win32
		{EA674D8B-6D86-4E5D-89B6-0D37F75FD68C}.Debug|Win32.Build.0 = Debug|Win32
		{EA674D8B-6D86-4E5D-89B6-0D37F75FD68C}.Release|Win32.ActiveCfg = Release|Win32
		{EA674D8B-6D86-4E5D-89B6-0D37F75FD68C}.Release|Win32.Build.0 = Release|Win32
		{EA674D8B-6D86-4E5D-89B6-0D37F75FD68C}.MinSizeRel|Win32.ActiveCfg = MinSizeRel|Win32
		{EA674D8B-6D86-4E5D-89B6-0D37F75FD68C}.MinSizeRel|Win32.Build.0 = MinSizeRel|Win32
		{EA674D8B-6D86-4E5D-89B6-0D37F75FD68C}.RelWithDebInfo|Win32.ActiveCfg = RelWithDebInfo|Win32
		{EA674D8B-6D86-4E5D-89B6-0D37F75FD68C}.RelWithDebInfo|Win32.Build.0 = RelWithDebInfo|Win32
		{5A60FC06-66CB-4D42-893F-3C68587FE04D}.Debug|Win32.ActiveCfg = Debug|Win32
		{5A60FC06-66CB-4D42-893F-3C68587FE04D}.Debug|Win32.Build.0 = Debug|Win32
		{5A60FC06-66CB-4D42-893F-3C68587FE04D}.Release|Win32.ActiveCfg = Release|Win32
		{5A60FC06-66CB-4D42-893F-3C68587FE04D}.Release|Win32.Build.0 = Release|Win32
		{5A60FC06-66CB-4D42-893F-3C68587FE04D}.MinSizeRel|Win32.ActiveCfg = MinSizeRel|Win32
		{5A60FC06-66CB-4D42-893F-3C68587FE04D}.MinSizeRel|Win32.Build.0 = MinSizeRel|Win32
		{5A60FC06-66CB-4D42-893F-3C68587FE04D}.RelWithDebInfo|Win32.ActiveCfg = RelWithDebInfo|Win32
		{5A60FC06-66CB-4D42-893F-3C68587FE04D}.RelWithDebInfo|Win32.Build.0 = RelWithDebInfo|Win32
		{ADE08CCB-9078-4C0D-9A3E-5875A38B522C}.Debug|Win32.ActiveCfg = Debug|Win32
		{ADE08CCB-9078-4C0D-9A3E-5875A38B522C}.Debug|Win32.Build.0 = Debug|Win32
		{ADE08CCB-9078-4C0D-9A3E-5875A38B522C}.Release|Win32.ActiveCfg = Release|Win32
		{ADE08CCB-9078-4C0D-9A3E-5875A38B522C}.Release|Win32.Build.0 = Release|Win32
		{ADE08CCB-9078-4C0D-9A3E-5875A38B522C}.MinSizeRel|Win32.ActiveCfg = MinSizeRel|Win32
		{ADE08CCB-9078-4C0D-9A3E-5875A38B522C}.MinSizeRel|Win32.Build.0 = MinSizeRel|Win32
		{ADE08CCB-9078-4C0D-9A3E-5875A38B522C}.RelWithDebInfo|Win32.ActiveCfg = RelWithDebInfo|Win32
		{ADE08CCB-9078-4C0D-9A3E-5875A38B522C}.RelWithDebInfo|Win32.Build.0 = RelWithDebInfo|Win32
		{243DEDE3-301C-4602-AE7A-96310D18DCAD}.Debug|Win32.ActiveCfg = Debug|Win32
		{243DEDE3-301C-4602-AE7A-96310D18DCAD}.Debug|Win32.Build.0 = Debug|Win32
		{243DEDE3-301C-4602-AE7A-96310D18DCAD}.Release|Win32.ActiveCfg = Release|Win32
		{243DEDE3-301C-4602-AE7A-96310D18DCAD}.Release|Win32.Build.0 = Release|Win32
		{243DEDE3-301C-4602-AE7A-96310D18DCAD}.MinSizeRel|Win32.ActiveCfg = MinSizeRel|Win32
		{243DEDE3-301C-4602-AE7A-96310D18DCAD}.MinSizeRel|Win32.Build.0 = MinSizeRel|Win32
		{243DEDE3-301C-4602-AE7A-96310D18DCAD}.RelWithDebInfo|Win32.ActiveCfg = RelWithDebInfo|Win32
		{243DEDE3-301C-4602-AE7A-96310D18DCAD}.RelWithDebInfo|Win32.Build.0 = RelWithDebInfo|Win32
		{C653640B-D130-4512-AEFC-79C09ACB2E20}.Debug|Win32.ActiveCfg = Debug|Win32
		{C653640B-D130-4512-AEFC-79C09ACB2E20}.Debug|Win32.Build.0 = Debug|Win32
		{C653640B-D130-4512-AEFC-79C09ACB2E20}.Release|Win32.ActiveCfg = Release|Win32
		{C653640B-D130-4512-AEFC-79C09ACB2E20}.Release|Win32.Build.0 = Release|Win32
		{C653640B-D130-4512-AEFC-79C09ACB2E20}.MinSizeRel|Win32.ActiveCfg = MinSizeRel|Win32
		{C653640B-D130-4512-AEFC-79C09ACB2E20}.MinSizeRel|Win32.Build.0 = MinSizeRel|Win32
		{C653640B-D130-4512-AEFC-79C09ACB2E20}.RelWithDebInfo|Win32.ActiveCfg = RelWithDebInfo|Win32
		{C653640B-D130-4512-AEFC-79C09ACB2E20}.RelWithDebInfo|Win32.Build.0 = RelWithDebInfo|Win32
		{24B2FCE8-E513-49B3-AE71-2A38102F2BC1}.Debug|Win32.ActiveCfg = Debug|Win32
		{24B2FCE8-E513-49B3-AE71-2A38102F2BC1}.Debug|Win32.Build.0 = Debug|Win32
		{24B2FCE8-E513-49B3-AE71-2A38102F2BC1}.Release|Win32.ActiveCfg = Release|Win32
		{24B2FCE8-E513-49B3-AE71-2A38102F2BC1}.Release|Win32.Build.0 = Release|Win32
		{24B2FCE8-E513-49B3-AE71-2A38102F2BC1}.MinSizeRel|Win32.ActiveCfg = MinSizeRel|Win32
		{24B2FCE8-E513-49B3-AE71-2A38102F2BC1}.MinSizeRel|Win32.Build.0 = MinSizeRel|Win32
		{24B2FCE8-E513-49B3-AE71-2A38102F2BC1}.RelWithDebInfo|Win32.ActiveCfg = RelWithDebInfo|Win32
		{24B2FCE8-E513-49B3-AE71-2A38102F2BC1}.RelWithDebInfo|Win32.Build.0 = RelWithDebInfo|Win32
		{427872EE-FEC7-4473-8D82-FBBDA4F321C3}.Debug|Win32.ActiveCfg = Debug|Win32
		{427872EE-FEC7-4473-8D82-FBBDA4F321C3}.Debug|Win32.Build.0 = Debug|Win32
		{427872EE-FEC7-4473-8D82-FBBDA4F321C3}.Release|Win32.ActiveCfg = Release|Win32
		{427872EE-FEC7-4473-8D82-FBBDA4F321C3}.Release|Win32.Build.0 = Release|Win32
		{427872EE-FEC7-4473-8D82-FBBDA4F321C3}.MinSizeRel|Win32.ActiveCfg = MinSizeRel|Win32
		{427872EE-FEC7-4473-8D82-FBBDA4F321C3}.MinSizeRel|Win32.Build.0 = MinSizeRel|Win32
		{427872EE-FEC7-4473-8D82-FBBDA4F321C3}.RelWithDebInfo|Win32.ActiveCfg = RelWithDebInfo|Win32
		{427872EE-FEC7-4473-8D82-FBBDA4F321C3}.RelWithDebInfo|Win32.Build.0 = RelWithDebInfo|Win32
		{3D4278C0-11B4-4A5E-BD78-018E359BE4E1}.Debug|Win32.ActiveCfg = Debug|Win32
		{3D4278C0-11B4-4A5E-BD78-018E359BE4E1}.Debug|Win32.Build.0 = Debug|Win32
		{3D4278C0-11B4-4A5E-BD78-018E359BE4E1}.Release|Win32.ActiveCfg = Release|Win32
		{3D4278C0-11B4-4A5E-BD78-018E359BE4E1}.Release|Win32.Build.0 = Release|Win32
		{3D4278C0-11B4-4A5E-BD78-018E359BE4E1}.MinSizeRel|Win32.ActiveCfg = MinSizeRel|Win32
		{3D4278C0-11B4-4A5E-BD78-018E359BE4E1}.MinSizeRel|Win32.Build.0 = MinSizeRel|Win32
		{3D4278C0-11B4-4A5E-BD78-018E359BE4E1}.RelWithDebInfo|Win32.ActiveCfg = RelWithDebInfo|Win32
		{3D4278C0-11B4-4A5E-BD78-018E359BE4E1}.RelWithDebInfo|Win32.Build.0 = RelWithDebInfo|Win32
		{052A8713-6018-42A6-9DAB-857CDAEF2B53}.Debug|Win32.ActiveCfg = Debug|Win32
		{052A8713-6018-42A6-9DAB-857CDAEF2B53}.Debug|Win32.Build.0 = Debug|Win32
		{052A8713-6018-42A6-9DAB-857CDAEF2B53}.Release|Win32.ActiveCfg = Release|Win32
		{052A8713-6018-42A6-9DAB-857CDAEF2B53}.Release|Win32.Build.0 = Release|Win32
		{052A8713-6018-42A6-9DAB-857CDAEF2B53}.MinSizeRel|Win32.ActiveCfg = MinSizeRel|Win32
		{052A8713-6018-42A6-9DAB-857CDAEF2B53}.MinSizeRel|Win32.Build.0 = MinSizeRel|Win32
		{052A8713-6018-42A6-9DAB-857CDAEF2B53}.RelWithDebInfo|Win32.ActiveCfg = RelWithDebInfo|Win32
		{052A8713-6018-42A6-9DAB-857CDAEF2B53}.RelWithDebInfo|Win32.Build.0 = RelWithDebInfo|Win32
		{417205CA-A821-4F3E-A951-2154B69A39C5}.Debug|Win32.ActiveCfg = Debug|Win32
		{417205CA-A821-4F3E-A951-2154B69A39C5}.Debug|Win32.Build.0 = Debug|Win32
		{417205CA-A821-4F3E-A951-2154B69A39C5}.Release|Win32.ActiveCfg = Release|Win32
		{417205CA-A821-4F3E-A951-2154B69A39C5}.Release|Win32.Build.0 = Release|Win32
		{417205CA-A821-4F3E-A951-2154B69A39C5}.MinSizeRel|Win32.ActiveCfg = MinSizeRel|Win32
		{417205CA-A821-4F3E-A951-2154B69A39C5}.MinSizeRel|Win32.Build.0 = MinSizeRel|Win32
		{417205CA-A821-4F3E-A951-2154B69A39C5}.RelWithDebInfo|Win32.ActiveCfg = RelWithDebInfo|Win32
		{417205CA-A821-4F3E-A951-2154B69A39C5}.RelWithDebInfo|Win32.Build.0 = RelWithDebInfo|Win32
		{46A7C99B-F440-43E5-B5F6-61540AD5ABF5}.Debug|Win32.ActiveCfg = Debug|Win32
		{46A7C99B-F440-43E5-B5F6-61540AD5ABF5}.Debug|Win32.Build.0 = Debug|Win32
		{46A7C99B-F440-43E5-B5F6-61540AD5ABF5}.Release|Win32.ActiveCfg = Release|Win32
		{46A7C99B-F440-43E5-B5F6-61540AD5ABF5}.Release|Win32.Build.0 = Release|Win32
		{46A7C99B-F440-43E5-B5F6-61540AD5ABF5}.MinSizeRel|Win32.ActiveCfg = MinSizeRel|Win32
		{46A7C99B-F440-43E5-B5F6-61540AD5ABF5}.MinSizeRel|Win32.Build.0 = MinSizeRel|Win32
		{46A7C99B-F440-43E5-B5F6-61540AD5ABF5}.RelWithDebInfo|Win32.ActiveCfg = RelWithDebInfo|Win32
		{46A7C99B-F440-43E5-B5F6-61540AD5ABF5}.RelWithDebInfo|Win32.Build.0 = RelWithDebInfo|Win32
	EndGlobalSection
	GlobalSection(ExtensibilityGlobals) = postSolution
	EndGlobalSection
	GlobalSection(ExtensibilityAddIns) = postSolution
	EndGlobalSection
EndGlobal
